
Microsoft Visual Studio Solution File, Format Version 12.00
# Visual Studio Version 17
VisualStudioVersion = 17.5.33424.131
MinimumVisualStudioVersion = 10.0.40219.1
Project("{FAE04EC0-301F-11D3-BF4B-00C04F79EFBC}") = "Marija_Homework_Class04_Exercise3", "Marija_Homework_Class04_Exercise3\Marija_Homework_Class04_Exercise3.csproj", "{CAD9E57A-7E85-44EE-A617-304809565EFC}"
EndProject
Project("{FAE04EC0-301F-11D3-BF4B-00C04F79EFBC}") = "Marija_Homework_Class04_Exercise4", "Marija_Homework_Class04_Exercise4\Marija_Homework_Class04_Exercise4.csproj", "{435AD443-1B68-4B4F-ACFD-B69A4EA1D3EC}"
EndProject
Project("{FAE04EC0-301F-11D3-BF4B-00C04F79EFBC}") = "Marija_Homework_Class04_Task1", "Marija_Homework_Class04_Task1\Marija_Homework_Class04_Task1.csproj", "{738D8AF7-622D-4160-8F47-A5727819D265}"
EndProject
Project("{FAE04EC0-301F-11D3-BF4B-00C04F79EFBC}") = "Marija_Homework_Class04_Task2", "Marija_Homework_Class04_Task2\Marija_Homework_Class04_Task2.csproj", "{154C0B6B-3F2E-4403-B7CE-B5F13A6419CB}"
EndProject
Project("{FAE04EC0-301F-11D3-BF4B-00C04F79EFBC}") = "Marija_Homework_Class04_Task3", "Marija_Homework_Class04_Task3\Marija_Homework_Class04_Task3.csproj", "{9357C031-57DB-41FA-862F-8969C71A3899}"
EndProject
Project("{FAE04EC0-301F-11D3-BF4B-00C04F79EFBC}") = "Marija_Homework_Class04_Task4", "Marija_Homework_Class04_Task4\Marija_Homework_Class04_Task4.csproj", "{A69E8CD6-65E0-46FC-9CE3-70F3DC8FCFB5}"
EndProject
Global
	GlobalSection(SolutionConfigurationPlatforms) = preSolution
		Debug|Any CPU = Debug|Any CPU
		Release|Any CPU = Release|Any CPU
	EndGlobalSection
	GlobalSection(ProjectConfigurationPlatforms) = postSolution
		{CAD9E57A-7E85-44EE-A617-304809565EFC}.Debug|Any CPU.ActiveCfg = Debug|Any CPU
		{CAD9E57A-7E85-44EE-A617-304809565EFC}.Debug|Any CPU.Build.0 = Debug|Any CPU
		{CAD9E57A-7E85-44EE-A617-304809565EFC}.Release|Any CPU.ActiveCfg = Release|Any CPU
		{CAD9E57A-7E85-44EE-A617-304809565EFC}.Release|Any CPU.Build.0 = Release|Any CPU
		{435AD443-1B68-4B4F-ACFD-B69A4EA1D3EC}.Debug|Any CPU.ActiveCfg = Debug|Any CPU
		{435AD443-1B68-4B4F-ACFD-B69A4EA1D3EC}.Debug|Any CPU.Build.0 = Debug|Any CPU
		{435AD443-1B68-4B4F-ACFD-B69A4EA1D3EC}.Release|Any CPU.ActiveCfg = Release|Any CPU
		{435AD443-1B68-4B4F-ACFD-B69A4EA1D3EC}.Release|Any CPU.Build.0 = Release|Any CPU
		{738D8AF7-622D-4160-8F47-A5727819D265}.Debug|Any CPU.ActiveCfg = Debug|Any CPU
		{738D8AF7-622D-4160-8F47-A5727819D265}.Debug|Any CPU.Build.0 = Debug|Any CPU
		{738D8AF7-622D-4160-8F47-A5727819D265}.Release|Any CPU.ActiveCfg = Release|Any CPU
		{738D8AF7-622D-4160-8F47-A5727819D265}.Release|Any CPU.Build.0 = Release|Any CPU
		{154C0B6B-3F2E-4403-B7CE-B5F13A6419CB}.Debug|Any CPU.ActiveCfg = Debug|Any CPU
		{154C0B6B-3F2E-4403-B7CE-B5F13A6419CB}.Debug|Any CPU.Build.0 = Debug|Any CPU
		{154C0B6B-3F2E-4403-B7CE-B5F13A6419CB}.Release|Any CPU.ActiveCfg = Release|Any CPU
		{154C0B6B-3F2E-4403-B7CE-B5F13A6419CB}.Release|Any CPU.Build.0 = Release|Any CPU
		{9357C031-57DB-41FA-862F-8969C71A3899}.Debug|Any CPU.ActiveCfg = Debug|Any CPU
		{9357C031-57DB-41FA-862F-8969C71A3899}.Debug|Any CPU.Build.0 = Debug|Any CPU
		{9357C031-57DB-41FA-862F-8969C71A3899}.Release|Any CPU.ActiveCfg = Release|Any CPU
		{9357C031-57DB-41FA-862F-8969C71A3899}.Release|Any CPU.Build.0 = Release|Any CPU
		{A69E8CD6-65E0-46FC-9CE3-70F3DC8FCFB5}.Debug|Any CPU.ActiveCfg = Debug|Any CPU
		{A69E8CD6-65E0-46FC-9CE3-70F3DC8FCFB5}.Debug|Any CPU.Build.0 = Debug|Any CPU
		{A69E8CD6-65E0-46FC-9CE3-70F3DC8FCFB5}.Release|Any CPU.ActiveCfg = Release|Any CPU
		{A69E8CD6-65E0-46FC-9CE3-70F3DC8FCFB5}.Release|Any CPU.Build.0 = Release|Any CPU
	EndGlobalSection
	GlobalSection(SolutionProperties) = preSolution
		HideSolutionNode = FALSE
	EndGlobalSection
	GlobalSection(ExtensibilityGlobals) = postSolution
		SolutionGuid = {C6534BD4-9257-47BA-9AAD-71817A764B75}
	EndGlobalSection
EndGlobal
