
Microsoft Visual Studio Solution File, Format Version 12.00
# Visual Studio Version 17
VisualStudioVersion = 17.5.33424.131
MinimumVisualStudioVersion = 10.0.40219.1
Project("{FAE04EC0-301F-11D3-BF4B-00C04F79EFBC}") = "Marija_Homework_Class03_Exercises", "Marija_Homework_Class03_Tasks\Marija_Homework_Class03_Exercises.csproj", "{E2B76CDE-8205-4FA5-B64F-96EF22A8155A}"
EndProject
Project("{FAE04EC0-301F-11D3-BF4B-00C04F79EFBC}") = "Marija_Homework_Class03_Taskss", "Marija_Homework_Class03_Taskss\Marija_Homework_Class03_Taskss.csproj", "{291058B0-F60E-4D8D-829E-A4A2882770D1}"
EndProject
Global
	GlobalSection(SolutionConfigurationPlatforms) = preSolution
		Debug|Any CPU = Debug|Any CPU
		Release|Any CPU = Release|Any CPU
	EndGlobalSection
	GlobalSection(ProjectConfigurationPlatforms) = postSolution
		{E2B76CDE-8205-4FA5-B64F-96EF22A8155A}.Debug|Any CPU.ActiveCfg = Debug|Any CPU
		{E2B76CDE-8205-4FA5-B64F-96EF22A8155A}.Debug|Any CPU.Build.0 = Debug|Any CPU
		{E2B76CDE-8205-4FA5-B64F-96EF22A8155A}.Release|Any CPU.ActiveCfg = Release|Any CPU
		{E2B76CDE-8205-4FA5-B64F-96EF22A8155A}.Release|Any CPU.Build.0 = Release|Any CPU
		{291058B0-F60E-4D8D-829E-A4A2882770D1}.Debug|Any CPU.ActiveCfg = Debug|Any CPU
		{291058B0-F60E-4D8D-829E-A4A2882770D1}.Debug|Any CPU.Build.0 = Debug|Any CPU
		{291058B0-F60E-4D8D-829E-A4A2882770D1}.Release|Any CPU.ActiveCfg = Release|Any CPU
		{291058B0-F60E-4D8D-829E-A4A2882770D1}.Release|Any CPU.Build.0 = Release|Any CPU
	EndGlobalSection
	GlobalSection(SolutionProperties) = preSolution
		HideSolutionNode = FALSE
	EndGlobalSection
	GlobalSection(ExtensibilityGlobals) = postSolution
		SolutionGuid = {49860932-8A0B-4291-AF20-48A62F23BC04}
	EndGlobalSection
EndGlobal
